{
    "_meta": {
        "hash": {
            "sha256": "2910cd1842806ea27792e565708ae3aea2cb0aefb85d0913409e6dc385c4c66f"
        },
        "pipfile-spec": 6,
        "requires": {
            "python_version": "3.8"
        },
        "sources": [
            {
                "name": "pypi",
                "url": "https://pypi.org/simple",
                "verify_ssl": true
            }
        ]
    },
    "default": {
        "altgraph": {
            "hashes": [
                "sha256:1f05a47122542f97028caf78775a095fbe6a2699b5089de8477eb583167d69aa",
                "sha256:c623e5f3408ca61d4016f23a681b9adb100802ca3e3da5e718915a9e4052cebe"
            ],
            "version": "==0.17"
        },
        "future": {
            "hashes": [
                "sha256:b1bead90b70cf6ec3f0710ae53a525360fa360d306a86583adc6bf83a4db537d"
            ],
            "version": "==0.18.2"
        },
        "keyboard": {
            "hashes": [
                "sha256:63ed83305955939ca5c9a73755e5cc43e8242263f5ad5fd3bb7e0b032f3d308b",
                "sha256:8e9c2422f1217e0bd84489b9ecd361027cc78415828f4fe4f88dd4acd587947b"
            ],
            "index": "pypi",
            "version": "==0.13.5"
        },
        "pefile": {
            "hashes": [
                "sha256:a5d6e8305c6b210849b47a6174ddf9c452b2888340b8177874b862ba6c207645"
            ],
            "version": "==2019.4.18"
        },
        "pyinstaller": {
            "hashes": [
                "sha256:3730fa80d088f8bb7084d32480eb87cbb4ddb64123363763cf8f2a1378c1c4b7"
            ],
            "index": "pypi",
            "version": "==3.6"
        },
        "pyqt5": {
            "hashes": [
                "sha256:3b91dd1d0cbfaea85ad057247ba621187e511434b0c9d6d40de69fd5e833b109",
                "sha256:a9bdc46ab1f6397770e6b8dca84ac07a0250d26b1a31587f25619cf31a075532",
                "sha256:bd230c6fd699eabf1ceb51e13a8b79b74c00a80272c622427b80141a22269eb0",
                "sha256:ee168a486c9a758511568147815e2959652cd0aabea832fa5e87cf6b241d2180",
                "sha256:f61ddc78547d6ca763323ccd4a9e374c71b29feda1f5ce2d3e91e4f8d2cf1942"
            ],
            "index": "pypi",
            "version": "==5.14.2"
        },
        "pyqt5-sip": {
            "hashes": [
                "sha256:01919371d32b26208b2f0318f1e15680d3aa60d1ced1812a5dac8bdb483fea69",
                "sha256:11f8cc2de287c3457fee53e781f06fb71f04251e7ae408ed22696ed65fd2bcf4",
                "sha256:168a6d700daf366b7cf255a8cabf8d07bfe2294859e6b3b2636c36c2f89265c9",
                "sha256:16a19b9f36985b8bff30b89fb8859d831713dd528fba5600563e36ff077960a2",
                "sha256:16a9a4daf85bfaa3aec35237ff28d8773a3ec937d9f8dc7fc3db7716de42d4a9",
                "sha256:31c74602ccd6b70e4352550eb41aa980dc1d6009444f3c8eb1b844e84bd144cf",
                "sha256:360de29634e2ce1df84d2b588bd8c1a29b768f3a5225869d63adb03bc21bd32a",
                "sha256:3cb9076ba0e574b2f026759103eb0e12051128714f5aa136cca53229d3ad72d1",
                "sha256:4f87d59d29ca1c5a4005bbec27af002be787210dc5f8f87fe5d747883a836083",
                "sha256:65fceeea2ac738a92f7e3e459ece1b4e2fbf49fd1d6b732a73d0d4bcfc434452",
                "sha256:85e68b8936f1756060ddcb3ef0a84af78ce89993fa6594b3049a0eca53d6d2fa",
                "sha256:9dd5769e83e64d017d02981563c8159d825425b6c4998c937a880888f4dcb7a3",
                "sha256:a8a6c0512641fc042726b6253b2d5f3f3f800098334d198d8ebdf337d85ab3d7",
                "sha256:b068f4791e97427d82a27e7df28cc3ee33f7e4353f48ed6a123f8cdba44266b2",
                "sha256:b34c1f227a8f8e97059f20e5424f117f66a302b42e34d4039158494c6371b1ce",
                "sha256:b68cfe632a512c0551e8860f35c1fcab5cd1ad5e168b4814fddd88121f447b0a",
                "sha256:df4f5cdb86f47df5f6fc35be29cc45df7b5a2c171d07dbf377d558b226554ea3"
            ],
            "version": "==12.7.2"
        },
        "pywin32-ctypes": {
            "hashes": [
                "sha256:24ffc3b341d457d48e8922352130cf2644024a4ff09762a2261fd34c36ee5942",
                "sha256:9dc2d991b3479cc2df15930958b674a48a227d5361d413827a4cfd0b5876fc98"
            ],
            "version": "==0.2.0"
        }
    },
    "develop": {}
}
